
Microsoft Visual Studio Solution File, Format Version 12.00
# Visual Studio Version 16
VisualStudioVersion = 16.0.32602.291
MinimumVisualStudioVersion = 10.0.40219.1
Project("{FAE04EC0-301F-11D3-BF4B-00C04F79EFBC}") = "EjerciciosPOO", "EjerciciosPOO.csproj", "{0C27DE32-F08F-4B8F-8865-A2F59E192551}"
EndProject
Global
	GlobalSection(SolutionConfigurationPlatforms) = preSolution
		Debug|Any CPU = Debug|Any CPU
		Release|Any CPU = Release|Any CPU
	EndGlobalSection
	GlobalSection(ProjectConfigurationPlatforms) = postSolution
		{0C27DE32-F08F-4B8F-8865-A2F59E192551}.Debug|Any CPU.ActiveCfg = Debug|Any CPU
		{0C27DE32-F08F-4B8F-8865-A2F59E192551}.Debug|Any CPU.Build.0 = Debug|Any CPU
		{0C27DE32-F08F-4B8F-8865-A2F59E192551}.Release|Any CPU.ActiveCfg = Release|Any CPU
		{0C27DE32-F08F-4B8F-8865-A2F59E192551}.Release|Any CPU.Build.0 = Release|Any CPU
	EndGlobalSection
	GlobalSection(SolutionProperties) = preSolution
		HideSolutionNode = FALSE
	EndGlobalSection
	GlobalSection(ExtensibilityGlobals) = postSolution
		SolutionGuid = {D02BF238-D369-4F64-87AF-9C1AEEFA977B}
	EndGlobalSection
EndGlobal
